// !$*UTF8*$!
{
	archiveVersion = 1;
	classes = {
	};
	objectVersion = 50;
	objects = {

/* Begin PBXBuildFile section */
		C20DDD2921890B39006038DA /* AppDelegate.swift in Sources */ = {isa = PBXBuildFile; fileRef = C20DDD2821890B39006038DA /* AppDelegate.swift */; };
		C20DDD2B21890B39006038DA /* CardsViewContoller.swift in Sources */ = {isa = PBXBuildFile; fileRef = C20DDD2A21890B39006038DA /* CardsViewContoller.swift */; };
		C20DDD2E21890B39006038DA /* Main.storyboard in Resources */ = {isa = PBXBuildFile; fileRef = C20DDD2C21890B39006038DA /* Main.storyboard */; };
		C20DDD3021890B3A006038DA /* Assets.xcassets in Resources */ = {isa = PBXBuildFile; fileRef = C20DDD2F21890B3A006038DA /* Assets.xcassets */; };
		C20DDD3321890B3A006038DA /* LaunchScreen.storyboard in Resources */ = {isa = PBXBuildFile; fileRef = C20DDD3121890B3A006038DA /* LaunchScreen.storyboard */; };
		C20DDD3E21890B3A006038DA /* TinderTests.swift in Sources */ = {isa = PBXBuildFile; fileRef = C20DDD3D21890B3A006038DA /* TinderTests.swift */; };
		C20DDD4921890B3A006038DA /* TinderUITests.swift in Sources */ = {isa = PBXBuildFile; fileRef = C20DDD4821890B3A006038DA /* TinderUITests.swift */; };
		C20DDD5721891419006038DA /* ProfileViewController.swift in Sources */ = {isa = PBXBuildFile; fileRef = C20DDD5621891419006038DA /* ProfileViewController.swift */; };
/* End PBXBuildFile section */

/* Begin PBXContainerItemProxy section */
		C20DDD3A21890B3A006038DA /* PBXContainerItemProxy */ = {
			isa = PBXContainerItemProxy;
			containerPortal = C20DDD1D21890B39006038DA /* Project object */;
			proxyType = 1;
			remoteGlobalIDString = C20DDD2421890B39006038DA;
			remoteInfo = Tinder;
		};
		C20DDD4521890B3A006038DA /* PBXContainerItemProxy */ = {
			isa = PBXContainerItemProxy;
			containerPortal = C20DDD1D21890B39006038DA /* Project object */;
			proxyType = 1;
			remoteGlobalIDString = C20DDD2421890B39006038DA;
			remoteInfo = Tinder;
		};
/* End PBXContainerItemProxy section */

/* Begin PBXFileReference section */
		C20DDD2521890B39006038DA /* Tinder.app */ = {isa = PBXFileReference; explicitFileType = wrapper.application; includeInIndex = 0; path = Tinder.app; sourceTree = BUILT_PRODUCTS_DIR; };
		C20DDD2821890B39006038DA /* AppDelegate.swift */ = {isa = PBXFileReference; lastKnownFileType = sourcecode.swift; path = AppDelegate.swift; sourceTree = "<group>"; };
		C20DDD2A21890B39006038DA /* CardsViewContoller.swift */ = {isa = PBXFileReference; lastKnownFileType = sourcecode.swift; path = CardsViewContoller.swift; sourceTree = "<group>"; };
		C20DDD2D21890B39006038DA /* Base */ = {isa = PBXFileReference; lastKnownFileType = file.storyboard; name = Base; path = Base.lproj/Main.storyboard; sourceTree = "<group>"; };
		C20DDD2F21890B3A006038DA /* Assets.xcassets */ = {isa = PBXFileReference; lastKnownFileType = folder.assetcatalog; path = Assets.xcassets; sourceTree = "<group>"; };
		C20DDD3221890B3A006038DA /* Base */ = {isa = PBXFileReference; lastKnownFileType = file.storyboard; name = Base; path = Base.lproj/LaunchScreen.storyboard; sourceTree = "<group>"; };
		C20DDD3421890B3A006038DA /* Info.plist */ = {isa = PBXFileReference; lastKnownFileType = text.plist.xml; path = Info.plist; sourceTree = "<group>"; };
		C20DDD3921890B3A006038DA /* TinderTests.xctest */ = {isa = PBXFileReference; explicitFileType = wrapper.cfbundle; includeInIndex = 0; path = TinderTests.xctest; sourceTree = BUILT_PRODUCTS_DIR; };
		C20DDD3D21890B3A006038DA /* TinderTests.swift */ = {isa = PBXFileReference; lastKnownFileType = sourcecode.swift; path = TinderTests.swift; sourceTree = "<group>"; };
		C20DDD3F21890B3A006038DA /* Info.plist */ = {isa = PBXFileReference; lastKnownFileType = text.plist.xml; path = Info.plist; sourceTree = "<group>"; };
		C20DDD4421890B3A006038DA /* TinderUITests.xctest */ = {isa = PBXFileReference; explicitFileType = wrapper.cfbundle; includeInIndex = 0; path = TinderUITests.xctest; sourceTree = BUILT_PRODUCTS_DIR; };
		C20DDD4821890B3A006038DA /* TinderUITests.swift */ = {isa = PBXFileReference; lastKnownFileType = sourcecode.swift; path = TinderUITests.swift; sourceTree = "<group>"; };
		C20DDD4A21890B3A006038DA /* Info.plist */ = {isa = PBXFileReference; lastKnownFileType = text.plist.xml; path = Info.plist; sourceTree = "<group>"; };
		C20DDD5621891419006038DA /* ProfileViewController.swift */ = {isa = PBXFileReference; lastKnownFileType = sourcecode.swift; path = ProfileViewController.swift; sourceTree = "<group>"; };
/* End PBXFileReference section */

/* Begin PBXFrameworksBuildPhase section */
		C20DDD2221890B39006038DA /* Frameworks */ = {
			isa = PBXFrameworksBuildPhase;
			buildActionMask = 2147483647;
			files = (
			);
			runOnlyForDeploymentPostprocessing = 0;
		};
		C20DDD3621890B3A006038DA /* Frameworks */ = {
			isa = PBXFrameworksBuildPhase;
			buildActionMask = 2147483647;
			files = (
			);
			runOnlyForDeploymentPostprocessing = 0;
		};
		C20DDD4121890B3A006038DA /* Frameworks */ = {
			isa = PBXFrameworksBuildPhase;
			buildActionMask = 2147483647;
			files = (
			);
			runOnlyForDeploymentPostprocessing = 0;
		};
/* End PBXFrameworksBuildPhase section */

/* Begin PBXGroup section */
		C20DDD1C21890B39006038DA = {
			isa = PBXGroup;
			children = (
				C20DDD2721890B39006038DA /* Tinder */,
				C20DDD3C21890B3A006038DA /* TinderTests */,
				C20DDD4721890B3A006038DA /* TinderUITests */,
				C20DDD2621890B39006038DA /* Products */,
			);
			sourceTree = "<group>";
		};
		C20DDD2621890B39006038DA /* Products */ = {
			isa = PBXGroup;
			children = (
				C20DDD2521890B39006038DA /* Tinder.app */,
				C20DDD3921890B3A006038DA /* TinderTests.xctest */,
				C20DDD4421890B3A006038DA /* TinderUITests.xctest */,
			);
			name = Products;
			sourceTree = "<group>";
		};
		C20DDD2721890B39006038DA /* Tinder */ = {
			isa = PBXGroup;
			children = (
				C20DDD2821890B39006038DA /* AppDelegate.swift */,
				C20DDD2A21890B39006038DA /* CardsViewContoller.swift */,
				C20DDD2C21890B39006038DA /* Main.storyboard */,
				C20DDD2F21890B3A006038DA /* Assets.xcassets */,
				C20DDD3121890B3A006038DA /* LaunchScreen.storyboard */,
				C20DDD3421890B3A006038DA /* Info.plist */,
				C20DDD5621891419006038DA /* ProfileViewController.swift */,
			);
			path = Tinder;
			sourceTree = "<group>";
		};
		C20DDD3C21890B3A006038DA /* TinderTests */ = {
			isa = PBXGroup;
			children = (
				C20DDD3D21890B3A006038DA /* TinderTests.swift */,
				C20DDD3F21890B3A006038DA /* Info.plist */,
			);
			path = TinderTests;
			sourceTree = "<group>";
		};
		C20DDD4721890B3A006038DA /* TinderUITests */ = {
			isa = PBXGroup;
			children = (
				C20DDD4821890B3A006038DA /* TinderUITests.swift */,
				C20DDD4A21890B3A006038DA /* Info.plist */,
			);
			path = TinderUITests;
			sourceTree = "<group>";
		};
/* End PBXGroup section */

/* Begin PBXNativeTarget section */
		C20DDD2421890B39006038DA /* Tinder */ = {
			isa = PBXNativeTarget;
			buildConfigurationList = C20DDD4D21890B3A006038DA /* Build configuration list for PBXNativeTarget "Tinder" */;
			buildPhases = (
				C20DDD2121890B39006038DA /* Sources */,
				C20DDD2221890B39006038DA /* Frameworks */,
				C20DDD2321890B39006038DA /* Resources */,
			);
			buildRules = (
			);
			dependencies = (
			);
			name = Tinder;
			productName = Tinder;
			productReference = C20DDD2521890B39006038DA /* Tinder.app */;
			productType = "com.apple.product-type.application";
		};
		C20DDD3821890B3A006038DA /* TinderTests */ = {
			isa = PBXNativeTarget;
			buildConfigurationList = C20DDD5021890B3A006038DA /* Build configuration list for PBXNativeTarget "TinderTests" */;
			buildPhases = (
				C20DDD3521890B3A006038DA /* Sources */,
				C20DDD3621890B3A006038DA /* Frameworks */,
				C20DDD3721890B3A006038DA /* Resources */,
			);
			buildRules = (
			);
			dependencies = (
				C20DDD3B21890B3A006038DA /* PBXTargetDependency */,
			);
			name = TinderTests;
			productName = TinderTests;
			productReference = C20DDD3921890B3A006038DA /* TinderTests.xctest */;
			productType = "com.apple.product-type.bundle.unit-test";
		};
		C20DDD4321890B3A006038DA /* TinderUITests */ = {
			isa = PBXNativeTarget;
			buildConfigurationList = C20DDD5321890B3A006038DA /* Build configuration list for PBXNativeTarget "TinderUITests" */;
			buildPhases = (
				C20DDD4021890B3A006038DA /* Sources */,
				C20DDD4121890B3A006038DA /* Frameworks */,
				C20DDD4221890B3A006038DA /* Resources */,
			);
			buildRules = (
			);
			dependencies = (
				C20DDD4621890B3A006038DA /* PBXTargetDependency */,
			);
			name = TinderUITests;
			productName = TinderUITests;
			productReference = C20DDD4421890B3A006038DA /* TinderUITests.xctest */;
			productType = "com.apple.product-type.bundle.ui-testing";
		};
/* End PBXNativeTarget section */

/* Begin PBXProject section */
		C20DDD1D21890B39006038DA /* Project object */ = {
			isa = PBXProject;
			attributes = {
				LastSwiftUpdateCheck = 1000;
				LastUpgradeCheck = 1000;
				ORGANIZATIONNAME = "Raeleen Watson";
				TargetAttributes = {
					C20DDD2421890B39006038DA = {
						CreatedOnToolsVersion = 10.0;
					};
					C20DDD3821890B3A006038DA = {
						CreatedOnToolsVersion = 10.0;
						TestTargetID = C20DDD2421890B39006038DA;
					};
					C20DDD4321890B3A006038DA = {
						CreatedOnToolsVersion = 10.0;
						TestTargetID = C20DDD2421890B39006038DA;
					};
				};
			};
			buildConfigurationList = C20DDD2021890B39006038DA /* Build configuration list for PBXProject "Tinder" */;
			compatibilityVersion = "Xcode 9.3";
			developmentRegion = en;
			hasScannedForEncodings = 0;
			knownRegions = (
				en,
				Base,
			);
			mainGroup = C20DDD1C21890B39006038DA;
			productRefGroup = C20DDD2621890B39006038DA /* Products */;
			projectDirPath = "";
			projectRoot = "";
			targets = (
				C20DDD2421890B39006038DA /* Tinder */,
				C20DDD3821890B3A006038DA /* TinderTests */,
				C20DDD4321890B3A006038DA /* TinderUITests */,
			);
		};
/* End PBXProject section */

/* Begin PBXResourcesBuildPhase section */
		C20DDD2321890B39006038DA /* Resources */ = {
			isa = PBXResourcesBuildPhase;
			buildActionMask = 2147483647;
			files = (
				C20DDD3321890B3A006038DA /* LaunchScreen.storyboard in Resources */,
				C20DDD3021890B3A006038DA /* Assets.xcassets in Resources */,
				C20DDD2E21890B39006038DA /* Main.storyboard in Resources */,
			);
			runOnlyForDeploymentPostprocessing = 0;
		};
		C20DDD3721890B3A006038DA /* Resources */ = {
			isa = PBXResourcesBuildPhase;
			buildActionMask = 2147483647;
			files = (
			);
			runOnlyForDeploymentPostprocessing = 0;
		};
		C20DDD4221890B3A006038DA /* Resources */ = {
			isa = PBXResourcesBuildPhase;
			buildActionMask = 2147483647;
			files = (
			);
			runOnlyForDeploymentPostprocessing = 0;
		};
/* End PBXResourcesBuildPhase section */

/* Begin PBXSourcesBuildPhase section */
		C20DDD2121890B39006038DA /* Sources */ = {
			isa = PBXSourcesBuildPhase;
			buildActionMask = 2147483647;
			files = (
				C20DDD5721891419006038DA /* ProfileViewController.swift in Sources */,
				C20DDD2B21890B39006038DA /* CardsViewContoller.swift in Sources */,
				C20DDD2921890B39006038DA /* AppDelegate.swift in Sources */,
			);
			runOnlyForDeploymentPostprocessing = 0;
		};
		C20DDD3521890B3A006038DA /* Sources */ = {
			isa = PBXSourcesBuildPhase;
			buildActionMask = 2147483647;
			files = (
				C20DDD3E21890B3A006038DA /* TinderTests.swift in Sources */,
			);
			runOnlyForDeploymentPostprocessing = 0;
		};
		C20DDD4021890B3A006038DA /* Sources */ = {
			isa = PBXSourcesBuildPhase;
			buildActionMask = 2147483647;
			files = (
				C20DDD4921890B3A006038DA /* TinderUITests.swift in Sources */,
			);
			runOnlyForDeploymentPostprocessing = 0;
		};
/* End PBXSourcesBuildPhase section */

/* Begin PBXTargetDependency section */
		C20DDD3B21890B3A006038DA /* PBXTargetDependency */ = {
			isa = PBXTargetDependency;
			target = C20DDD2421890B39006038DA /* Tinder */;
			targetProxy = C20DDD3A21890B3A006038DA /* PBXContainerItemProxy */;
		};
		C20DDD4621890B3A006038DA /* PBXTargetDependency */ = {
			isa = PBXTargetDependency;
			target = C20DDD2421890B39006038DA /* Tinder */;
			targetProxy = C20DDD4521890B3A006038DA /* PBXContainerItemProxy */;
		};
/* End PBXTargetDependency section */

/* Begin PBXVariantGroup section */
		C20DDD2C21890B39006038DA /* Main.storyboard */ = {
			isa = PBXVariantGroup;
			children = (
				C20DDD2D21890B39006038DA /* Base */,
			);
			name = Main.storyboard;
			sourceTree = "<group>";
		};
		C20DDD3121890B3A006038DA /* LaunchScreen.storyboard */ = {
			isa = PBXVariantGroup;
			children = (
				C20DDD3221890B3A006038DA /* Base */,
			);
			name = LaunchScreen.storyboard;
			sourceTree = "<group>";
		};
/* End PBXVariantGroup section */

/* Begin XCBuildConfiguration section */
		C20DDD4B21890B3A006038DA /* Debug */ = {
			isa = XCBuildConfiguration;
			buildSettings = {
				ALWAYS_SEARCH_USER_PATHS = NO;
				CLANG_ANALYZER_NONNULL = YES;
				CLANG_ANALYZER_NUMBER_OBJECT_CONVERSION = YES_AGGRESSIVE;
				CLANG_CXX_LANGUAGE_STANDARD = "gnu++14";
				CLANG_CXX_LIBRARY = "libc++";
				CLANG_ENABLE_MODULES = YES;
				CLANG_ENABLE_OBJC_ARC = YES;
				CLANG_ENABLE_OBJC_WEAK = YES;
				CLANG_WARN_BLOCK_CAPTURE_AUTORELEASING = YES;
				CLANG_WARN_BOOL_CONVERSION = YES;
				CLANG_WARN_COMMA = YES;
				CLANG_WARN_CONSTANT_CONVERSION = YES;
				CLANG_WARN_DEPRECATED_OBJC_IMPLEMENTATIONS = YES;
				CLANG_WARN_DIRECT_OBJC_ISA_USAGE = YES_ERROR;
				CLANG_WARN_DOCUMENTATION_COMMENTS = YES;
				CLANG_WARN_EMPTY_BODY = YES;
				CLANG_WARN_ENUM_CONVERSION = YES;
				CLANG_WARN_INFINITE_RECURSION = YES;
				CLANG_WARN_INT_CONVERSION = YES;
				CLANG_WARN_NON_LITERAL_NULL_CONVERSION = YES;
				CLANG_WARN_OBJC_IMPLICIT_RETAIN_SELF = YES;
				CLANG_WARN_OBJC_LITERAL_CONVERSION = YES;
				CLANG_WARN_OBJC_ROOT_CLASS = YES_ERROR;
				CLANG_WARN_RANGE_LOOP_ANALYSIS = YES;
				CLANG_WARN_STRICT_PROTOTYPES = YES;
				CLANG_WARN_SUSPICIOUS_MOVE = YES;
				CLANG_WARN_UNGUARDED_AVAILABILITY = YES_AGGRESSIVE;
				CLANG_WARN_UNREACHABLE_CODE = YES;
				CLANG_WARN__DUPLICATE_METHOD_MATCH = YES;
				CODE_SIGN_IDENTITY = "iPhone Developer";
				COPY_PHASE_STRIP = NO;
				DEBUG_INFORMATION_FORMAT = dwarf;
				ENABLE_STRICT_OBJC_MSGSEND = YES;
				ENABLE_TESTABILITY = YES;
				GCC_C_LANGUAGE_STANDARD = gnu11;
				GCC_DYNAMIC_NO_PIC = NO;
				GCC_NO_COMMON_BLOCKS = YES;
				GCC_OPTIMIZATION_LEVEL = 0;
				GCC_PREPROCESSOR_DEFINITIONS = (
					"DEBUG=1",
					"$(inherited)",
				);
				GCC_WARN_64_TO_32_BIT_CONVERSION = YES;
				GCC_WARN_ABOUT_RETURN_TYPE = YES_ERROR;
				GCC_WARN_UNDECLARED_SELECTOR = YES;
				GCC_WARN_UNINITIALIZED_AUTOS = YES_AGGRESSIVE;
				GCC_WARN_UNUSED_FUNCTION = YES;
				GCC_WARN_UNUSED_VARIABLE = YES;
				IPHONEOS_DEPLOYMENT_TARGET = 12.0;
				MTL_ENABLE_DEBUG_INFO = INCLUDE_SOURCE;
				MTL_FAST_MATH = YES;
				ONLY_ACTIVE_ARCH = YES;
				SDKROOT = iphoneos;
				SWIFT_ACTIVE_COMPILATION_CONDITIONS = DEBUG;
				SWIFT_OPTIMIZATION_LEVEL = "-Onone";
			};
			name = Debug;
		};
		C20DDD4C21890B3A006038DA /* Release */ = {
			isa = XCBuildConfiguration;
			buildSettings = {
				ALWAYS_SEARCH_USER_PATHS = NO;
				CLANG_ANALYZER_NONNULL = YES;
				CLANG_ANALYZER_NUMBER_OBJECT_CONVERSION = YES_AGGRESSIVE;
				CLANG_CXX_LANGUAGE_STANDARD = "gnu++14";
				CLANG_CXX_LIBRARY = "libc++";
				CLANG_ENABLE_MODULES = YES;
				CLANG_ENABLE_OBJC_ARC = YES;
				CLANG_ENABLE_OBJC_WEAK = YES;
				CLANG_WARN_BLOCK_CAPTURE_AUTORELEASING = YES;
				CLANG_WARN_BOOL_CONVERSION = YES;
				CLANG_WARN_COMMA = YES;
				CLANG_WARN_CONSTANT_CONVERSION = YES;
				CLANG_WARN_DEPRECATED_OBJC_IMPLEMENTATIONS = YES;
				CLANG_WARN_DIRECT_OBJC_ISA_USAGE = YES_ERROR;
				CLANG_WARN_DOCUMENTATION_COMMENTS = YES;
				CLANG_WARN_EMPTY_BODY = YES;
				CLANG_WARN_ENUM_CONVERSION = YES;
				CLANG_WARN_INFINITE_RECURSION = YES;
				CLANG_WARN_INT_CONVERSION = YES;
				CLANG_WARN_NON_LITERAL_NULL_CONVERSION = YES;
				CLANG_WARN_OBJC_IMPLICIT_RETAIN_SELF = YES;
				CLANG_WARN_OBJC_LITERAL_CONVERSION = YES;
				CLANG_WARN_OBJC_ROOT_CLASS = YES_ERROR;
				CLANG_WARN_RANGE_LOOP_ANALYSIS = YES;
				CLANG_WARN_STRICT_PROTOTYPES = YES;
				CLANG_WARN_SUSPICIOUS_MOVE = YES;
				CLANG_WARN_UNGUARDED_AVAILABILITY = YES_AGGRESSIVE;
				CLANG_WARN_UNREACHABLE_CODE = YES;
				CLANG_WARN__DUPLICATE_METHOD_MATCH = YES;
				CODE_SIGN_IDENTITY = "iPhone Developer";
				COPY_PHASE_STRIP = NO;
				DEBUG_INFORMATION_FORMAT = "dwarf-with-dsym";
				ENABLE_NS_ASSERTIONS = NO;
				ENABLE_STRICT_OBJC_MSGSEND = YES;
				GCC_C_LANGUAGE_STANDARD = gnu11;
				GCC_NO_COMMON_BLOCKS = YES;
				GCC_WARN_64_TO_32_BIT_CONVERSION = YES;
				GCC_WARN_ABOUT_RETURN_TYPE = YES_ERROR;
				GCC_WARN_UNDECLARED_SELECTOR = YES;
				GCC_WARN_UNINITIALIZED_AUTOS = YES_AGGRESSIVE;
				GCC_WARN_UNUSED_FUNCTION = YES;
				GCC_WARN_UNUSED_VARIABLE = YES;
				IPHONEOS_DEPLOYMENT_TARGET = 12.0;
				MTL_ENABLE_DEBUG_INFO = NO;
				MTL_FAST_MATH = YES;
				SDKROOT = iphoneos;
				SWIFT_COMPILATION_MODE = wholemodule;
				SWIFT_OPTIMIZATION_LEVEL = "-O";
				VALIDATE_PRODUCT = YES;
			};
			name = Release;
		};
		C20DDD4E21890B3A006038DA /* Debug */ = {
			isa = XCBuildConfiguration;
			buildSettings = {
				ASSETCATALOG_COMPILER_APPICON_NAME = AppIcon;
				CODE_SIGN_STYLE = Automatic;
				INFOPLIST_FILE = Tinder/Info.plist;
				LD_RUNPATH_SEARCH_PATHS = (
					"$(inherited)",
					"@executable_path/Frameworks",
				);
				PRODUCT_BUNDLE_IDENTIFIER = codepath.Tinder;
				PRODUCT_NAME = "$(TARGET_NAME)";
				SWIFT_VERSION = 4.2;
				TARGETED_DEVICE_FAMILY = "1,2";
			};
			name = Debug;
		};
		C20DDD4F21890B3A006038DA /* Release */ = {
			isa = XCBuildConfiguration;
			buildSettings = {
				ASSETCATALOG_COMPILER_APPICON_NAME = AppIcon;
				CODE_SIGN_STYLE = Automatic;
				INFOPLIST_FILE = Tinder/Info.plist;
				LD_RUNPATH_SEARCH_PATHS = (
					"$(inherited)",
					"@executable_path/Frameworks",
				);
				PRODUCT_BUNDLE_IDENTIFIER = codepath.Tinder;
				PRODUCT_NAME = "$(TARGET_NAME)";
				SWIFT_VERSION = 4.2;
				TARGETED_DEVICE_FAMILY = "1,2";
			};
			name = Release;
		};
		C20DDD5121890B3A006038DA /* Debug */ = {
			isa = XCBuildConfiguration;
			buildSettings = {
				ALWAYS_EMBED_SWIFT_STANDARD_LIBRARIES = YES;
				BUNDLE_LOADER = "$(TEST_HOST)";
				CODE_SIGN_STYLE = Automatic;
				INFOPLIST_FILE = TinderTests/Info.plist;
				LD_RUNPATH_SEARCH_PATHS = (
					"$(inherited)",
					"@executable_path/Frameworks",
					"@loader_path/Frameworks",
				);
				PRODUCT_BUNDLE_IDENTIFIER = codepath.TinderTests;
				PRODUCT_NAME = "$(TARGET_NAME)";
				SWIFT_VERSION = 4.2;
				TARGETED_DEVICE_FAMILY = "1,2";
				TEST_HOST = "$(BUILT_PRODUCTS_DIR)/Tinder.app/Tinder";
			};
			name = Debug;
		};
		C20DDD5221890B3A006038DA /* Release */ = {
			isa = XCBuildConfiguration;
			buildSettings = {
				ALWAYS_EMBED_SWIFT_STANDARD_LIBRARIES = YES;
				BUNDLE_LOADER = "$(TEST_HOST)";
				CODE_SIGN_STYLE = Automatic;
				INFOPLIST_FILE = TinderTests/Info.plist;
				LD_RUNPATH_SEARCH_PATHS = (
					"$(inherited)",
					"@executable_path/Frameworks",
					"@loader_path/Frameworks",
				);
				PRODUCT_BUNDLE_IDENTIFIER = codepath.TinderTests;
				PRODUCT_NAME = "$(TARGET_NAME)";
				SWIFT_VERSION = 4.2;
				TARGETED_DEVICE_FAMILY = "1,2";
				TEST_HOST = "$(BUILT_PRODUCTS_DIR)/Tinder.app/Tinder";
			};
			name = Release;
		};
		C20DDD5421890B3A006038DA /* Debug */ = {
			isa = XCBuildConfiguration;
			buildSettings = {
				ALWAYS_EMBED_SWIFT_STANDARD_LIBRARIES = YES;
				CODE_SIGN_STYLE = Automatic;
				INFOPLIST_FILE = TinderUITests/Info.plist;
				LD_RUNPATH_SEARCH_PATHS = (
					"$(inherited)",
					"@executable_path/Frameworks",
					"@loader_path/Frameworks",
				);
				PRODUCT_BUNDLE_IDENTIFIER = codepath.TinderUITests;
				PRODUCT_NAME = "$(TARGET_NAME)";
				SWIFT_VERSION = 4.2;
				TARGETED_DEVICE_FAMILY = "1,2";
				TEST_TARGET_NAME = Tinder;
			};
			name = Debug;
		};
		C20DDD5521890B3A006038DA /* Release */ = {
			isa = XCBuildConfiguration;
			buildSettings = {
				ALWAYS_EMBED_SWIFT_STANDARD_LIBRARIES = YES;
				CODE_SIGN_STYLE = Automatic;
				INFOPLIST_FILE = TinderUITests/Info.plist;
				LD_RUNPATH_SEARCH_PATHS = (
					"$(inherited)",
					"@executable_path/Frameworks",
					"@loader_path/Frameworks",
				);
				PRODUCT_BUNDLE_IDENTIFIER = codepath.TinderUITests;
				PRODUCT_NAME = "$(TARGET_NAME)";
				SWIFT_VERSION = 4.2;
				TARGETED_DEVICE_FAMILY = "1,2";
				TEST_TARGET_NAME = Tinder;
			};
			name = Release;
		};
/* End XCBuildConfiguration section */

/* Begin XCConfigurationList section */
		C20DDD2021890B39006038DA /* Build configuration list for PBXProject "Tinder" */ = {
			isa = XCConfigurationList;
			buildConfigurations = (
				C20DDD4B21890B3A006038DA /* Debug */,
				C20DDD4C21890B3A006038DA /* Release */,
			);
			defaultConfigurationIsVisible = 0;
			defaultConfigurationName = Release;
		};
		C20DDD4D21890B3A006038DA /* Build configuration list for PBXNativeTarget "Tinder" */ = {
			isa = XCConfigurationList;
			buildConfigurations = (
				C20DDD4E21890B3A006038DA /* Debug */,
				C20DDD4F21890B3A006038DA /* Release */,
			);
			defaultConfigurationIsVisible = 0;
			defaultConfigurationName = Release;
		};
		C20DDD5021890B3A006038DA /* Build configuration list for PBXNativeTarget "TinderTests" */ = {
			isa = XCConfigurationList;
			buildConfigurations = (
				C20DDD5121890B3A006038DA /* Debug */,
				C20DDD5221890B3A006038DA /* Release */,
			);
			defaultConfigurationIsVisible = 0;
			defaultConfigurationName = Release;
		};
		C20DDD5321890B3A006038DA /* Build configuration list for PBXNativeTarget "TinderUITests" */ = {
			isa = XCConfigurationList;
			buildConfigurations = (
				C20DDD5421890B3A006038DA /* Debug */,
				C20DDD5521890B3A006038DA /* Release */,
			);
			defaultConfigurationIsVisible = 0;
			defaultConfigurationName = Release;
		};
/* End XCConfigurationList section */
	};
	rootObject = C20DDD1D21890B39006038DA /* Project object */;
}
